
Microsoft Visual Studio Solution File, Format Version 12.00
# Visual Studio Version 17
VisualStudioVersion = 17.5.33627.172
MinimumVisualStudioVersion = 10.0.40219.1
Project("{FAE04EC0-301F-11D3-BF4B-00C04F79EFBC}") = "Logical Programs Practice", "Logical Programs Practice\Logical Programs Practice.csproj", "{D77F57A7-2D7D-4DC3-AA92-8E6387D94289}"
EndProject
Global
	GlobalSection(SolutionConfigurationPlatforms) = preSolution
		Debug|Any CPU = Debug|Any CPU
		Release|Any CPU = Release|Any CPU
	EndGlobalSection
	GlobalSection(ProjectConfigurationPlatforms) = postSolution
		{D77F57A7-2D7D-4DC3-AA92-8E6387D94289}.Debug|Any CPU.ActiveCfg = Debug|Any CPU
		{D77F57A7-2D7D-4DC3-AA92-8E6387D94289}.Debug|Any CPU.Build.0 = Debug|Any CPU
		{D77F57A7-2D7D-4DC3-AA92-8E6387D94289}.Release|Any CPU.ActiveCfg = Release|Any CPU
		{D77F57A7-2D7D-4DC3-AA92-8E6387D94289}.Release|Any CPU.Build.0 = Release|Any CPU
	EndGlobalSection
	GlobalSection(SolutionProperties) = preSolution
		HideSolutionNode = FALSE
	EndGlobalSection
	GlobalSection(ExtensibilityGlobals) = postSolution
		SolutionGuid = {FA3B6C50-06C2-4369-A644-1E7D09EF8D2F}
	EndGlobalSection
EndGlobal
